
Microsoft Visual Studio Solution File, Format Version 12.00
# Visual Studio Version 17
VisualStudioVersion = 17.13.35806.99
MinimumVisualStudioVersion = 10.0.40219.1
Project("{FAE04EC0-301F-11D3-BF4B-00C04F79EFBC}") = "api", "api\api.csproj", "{54A07A06-E6C2-4715-A39A-BD65B89426D2}"
EndProject
Project("{FAE04EC0-301F-11D3-BF4B-00C04F79EFBC}") = "core", "core\core.csproj", "{FFCD3816-9D6A-4816-91A1-A2F404E70958}"
EndProject
Project("{FAE04EC0-301F-11D3-BF4B-00C04F79EFBC}") = "infrastructure", "infrastructure\infrastructure.csproj", "{AD8BE04E-8DE4-45D7-BAC0-A8AD691B0B3B}"
EndProject
Global
	GlobalSection(SolutionConfigurationPlatforms) = preSolution
		Debug|Any CPU = Debug|Any CPU
		Release|Any CPU = Release|Any CPU
	EndGlobalSection
	GlobalSection(ProjectConfigurationPlatforms) = postSolution
		{54A07A06-E6C2-4715-A39A-BD65B89426D2}.Debug|Any CPU.ActiveCfg = Debug|Any CPU
		{54A07A06-E6C2-4715-A39A-BD65B89426D2}.Debug|Any CPU.Build.0 = Debug|Any CPU
		{54A07A06-E6C2-4715-A39A-BD65B89426D2}.Release|Any CPU.ActiveCfg = Release|Any CPU
		{54A07A06-E6C2-4715-A39A-BD65B89426D2}.Release|Any CPU.Build.0 = Release|Any CPU
		{FFCD3816-9D6A-4816-91A1-A2F404E70958}.Debug|Any CPU.ActiveCfg = Debug|Any CPU
		{FFCD3816-9D6A-4816-91A1-A2F404E70958}.Debug|Any CPU.Build.0 = Debug|Any CPU
		{FFCD3816-9D6A-4816-91A1-A2F404E70958}.Release|Any CPU.ActiveCfg = Release|Any CPU
		{FFCD3816-9D6A-4816-91A1-A2F404E70958}.Release|Any CPU.Build.0 = Release|Any CPU
		{AD8BE04E-8DE4-45D7-BAC0-A8AD691B0B3B}.Debug|Any CPU.ActiveCfg = Debug|Any CPU
		{AD8BE04E-8DE4-45D7-BAC0-A8AD691B0B3B}.Debug|Any CPU.Build.0 = Debug|Any CPU
		{AD8BE04E-8DE4-45D7-BAC0-A8AD691B0B3B}.Release|Any CPU.ActiveCfg = Release|Any CPU
		{AD8BE04E-8DE4-45D7-BAC0-A8AD691B0B3B}.Release|Any CPU.Build.0 = Release|Any CPU
	EndGlobalSection
	GlobalSection(SolutionProperties) = preSolution
		HideSolutionNode = FALSE
	EndGlobalSection
	GlobalSection(ExtensibilityGlobals) = postSolution
		SolutionGuid = {44E66A1D-F8E4-4604-94C0-109AF75CA515}
	EndGlobalSection
EndGlobal
